// !$*UTF8*$!
{
	archiveVersion = 1;
	classes = {
	};
	objectVersion = 50;
	objects = {

/* Begin PBXBuildFile section */
		544D39F725C2651F00FEF19B /* AppDelegate.swift in Sources */ = {isa = PBXBuildFile; fileRef = 544D39F625C2651F00FEF19B /* AppDelegate.swift */; };
		544D39F925C2651F00FEF19B /* SceneDelegate.swift in Sources */ = {isa = PBXBuildFile; fileRef = 544D39F825C2651F00FEF19B /* SceneDelegate.swift */; };
		544D39FB25C2651F00FEF19B /* ContentView.swift in Sources */ = {isa = PBXBuildFile; fileRef = 544D39FA25C2651F00FEF19B /* ContentView.swift */; };
		544D39FD25C2652100FEF19B /* Assets.xcassets in Resources */ = {isa = PBXBuildFile; fileRef = 544D39FC25C2652100FEF19B /* Assets.xcassets */; };
		544D3A0025C2652100FEF19B /* Preview Assets.xcassets in Resources */ = {isa = PBXBuildFile; fileRef = 544D39FF25C2652100FEF19B /* Preview Assets.xcassets */; };
		544D3A0325C2652100FEF19B /* LaunchScreen.storyboard in Resources */ = {isa = PBXBuildFile; fileRef = 544D3A0125C2652100FEF19B /* LaunchScreen.storyboard */; };
		544D3A0E25C2652100FEF19B /* FormulirTests.swift in Sources */ = {isa = PBXBuildFile; fileRef = 544D3A0D25C2652100FEF19B /* FormulirTests.swift */; };
		544D3A1925C2652100FEF19B /* FormulirUITests.swift in Sources */ = {isa = PBXBuildFile; fileRef = 544D3A1825C2652100FEF19B /* FormulirUITests.swift */; };
/* End PBXBuildFile section */

/* Begin PBXContainerItemProxy section */
		544D3A0A25C2652100FEF19B /* PBXContainerItemProxy */ = {
			isa = PBXContainerItemProxy;
			containerPortal = 544D39EB25C2651F00FEF19B /* Project object */;
			proxyType = 1;
			remoteGlobalIDString = 544D39F225C2651F00FEF19B;
			remoteInfo = Formulir;
		};
		544D3A1525C2652100FEF19B /* PBXContainerItemProxy */ = {
			isa = PBXContainerItemProxy;
			containerPortal = 544D39EB25C2651F00FEF19B /* Project object */;
			proxyType = 1;
			remoteGlobalIDString = 544D39F225C2651F00FEF19B;
			remoteInfo = Formulir;
		};
/* End PBXContainerItemProxy section */

/* Begin PBXFileReference section */
		544D39F325C2651F00FEF19B /* Formulir.app */ = {isa = PBXFileReference; explicitFileType = wrapper.application; includeInIndex = 0; path = Formulir.app; sourceTree = BUILT_PRODUCTS_DIR; };
		544D39F625C2651F00FEF19B /* AppDelegate.swift */ = {isa = PBXFileReference; lastKnownFileType = sourcecode.swift; path = AppDelegate.swift; sourceTree = "<group>"; };
		544D39F825C2651F00FEF19B /* SceneDelegate.swift */ = {isa = PBXFileReference; lastKnownFileType = sourcecode.swift; path = SceneDelegate.swift; sourceTree = "<group>"; };
		544D39FA25C2651F00FEF19B /* ContentView.swift */ = {isa = PBXFileReference; lastKnownFileType = sourcecode.swift; path = ContentView.swift; sourceTree = "<group>"; };
		544D39FC25C2652100FEF19B /* Assets.xcassets */ = {isa = PBXFileReference; lastKnownFileType = folder.assetcatalog; path = Assets.xcassets; sourceTree = "<group>"; };
		544D39FF25C2652100FEF19B /* Preview Assets.xcassets */ = {isa = PBXFileReference; lastKnownFileType = folder.assetcatalog; path = "Preview Assets.xcassets"; sourceTree = "<group>"; };
		544D3A0225C2652100FEF19B /* Base */ = {isa = PBXFileReference; lastKnownFileType = file.storyboard; name = Base; path = Base.lproj/LaunchScreen.storyboard; sourceTree = "<group>"; };
		544D3A0425C2652100FEF19B /* Info.plist */ = {isa = PBXFileReference; lastKnownFileType = text.plist.xml; path = Info.plist; sourceTree = "<group>"; };
		544D3A0925C2652100FEF19B /* FormulirTests.xctest */ = {isa = PBXFileReference; explicitFileType = wrapper.cfbundle; includeInIndex = 0; path = FormulirTests.xctest; sourceTree = BUILT_PRODUCTS_DIR; };
		544D3A0D25C2652100FEF19B /* FormulirTests.swift */ = {isa = PBXFileReference; lastKnownFileType = sourcecode.swift; path = FormulirTests.swift; sourceTree = "<group>"; };
		544D3A0F25C2652100FEF19B /* Info.plist */ = {isa = PBXFileReference; lastKnownFileType = text.plist.xml; path = Info.plist; sourceTree = "<group>"; };
		544D3A1425C2652100FEF19B /* FormulirUITests.xctest */ = {isa = PBXFileReference; explicitFileType = wrapper.cfbundle; includeInIndex = 0; path = FormulirUITests.xctest; sourceTree = BUILT_PRODUCTS_DIR; };
		544D3A1825C2652100FEF19B /* FormulirUITests.swift */ = {isa = PBXFileReference; lastKnownFileType = sourcecode.swift; path = FormulirUITests.swift; sourceTree = "<group>"; };
		544D3A1A25C2652100FEF19B /* Info.plist */ = {isa = PBXFileReference; lastKnownFileType = text.plist.xml; path = Info.plist; sourceTree = "<group>"; };
/* End PBXFileReference section */

/* Begin PBXFrameworksBuildPhase section */
		544D39F025C2651F00FEF19B /* Frameworks */ = {
			isa = PBXFrameworksBuildPhase;
			buildActionMask = 2147483647;
			files = (
			);
			runOnlyForDeploymentPostprocessing = 0;
		};
		544D3A0625C2652100FEF19B /* Frameworks */ = {
			isa = PBXFrameworksBuildPhase;
			buildActionMask = 2147483647;
			files = (
			);
			runOnlyForDeploymentPostprocessing = 0;
		};
		544D3A1125C2652100FEF19B /* Frameworks */ = {
			isa = PBXFrameworksBuildPhase;
			buildActionMask = 2147483647;
			files = (
			);
			runOnlyForDeploymentPostprocessing = 0;
		};
/* End PBXFrameworksBuildPhase section */

/* Begin PBXGroup section */
		544D39EA25C2651F00FEF19B = {
			isa = PBXGroup;
			children = (
				544D39F525C2651F00FEF19B /* Formulir */,
				544D3A0C25C2652100FEF19B /* FormulirTests */,
				544D3A1725C2652100FEF19B /* FormulirUITests */,
				544D39F425C2651F00FEF19B /* Products */,
			);
			sourceTree = "<group>";
		};
		544D39F425C2651F00FEF19B /* Products */ = {
			isa = PBXGroup;
			children = (
				544D39F325C2651F00FEF19B /* Formulir.app */,
				544D3A0925C2652100FEF19B /* FormulirTests.xctest */,
				544D3A1425C2652100FEF19B /* FormulirUITests.xctest */,
			);
			name = Products;
			sourceTree = "<group>";
		};
		544D39F525C2651F00FEF19B /* Formulir */ = {
			isa = PBXGroup;
			children = (
				544D39F625C2651F00FEF19B /* AppDelegate.swift */,
				544D39F825C2651F00FEF19B /* SceneDelegate.swift */,
				544D39FA25C2651F00FEF19B /* ContentView.swift */,
				544D39FC25C2652100FEF19B /* Assets.xcassets */,
				544D3A0125C2652100FEF19B /* LaunchScreen.storyboard */,
				544D3A0425C2652100FEF19B /* Info.plist */,
				544D39FE25C2652100FEF19B /* Preview Content */,
			);
			path = Formulir;
			sourceTree = "<group>";
		};
		544D39FE25C2652100FEF19B /* Preview Content */ = {
			isa = PBXGroup;
			children = (
				544D39FF25C2652100FEF19B /* Preview Assets.xcassets */,
			);
			path = "Preview Content";
			sourceTree = "<group>";
		};
		544D3A0C25C2652100FEF19B /* FormulirTests */ = {
			isa = PBXGroup;
			children = (
				544D3A0D25C2652100FEF19B /* FormulirTests.swift */,
				544D3A0F25C2652100FEF19B /* Info.plist */,
			);
			path = FormulirTests;
			sourceTree = "<group>";
		};
		544D3A1725C2652100FEF19B /* FormulirUITests */ = {
			isa = PBXGroup;
			children = (
				544D3A1825C2652100FEF19B /* FormulirUITests.swift */,
				544D3A1A25C2652100FEF19B /* Info.plist */,
			);
			path = FormulirUITests;
			sourceTree = "<group>";
		};
/* End PBXGroup section */

/* Begin PBXNativeTarget section */
		544D39F225C2651F00FEF19B /* Formulir */ = {
			isa = PBXNativeTarget;
			buildConfigurationList = 544D3A1D25C2652100FEF19B /* Build configuration list for PBXNativeTarget "Formulir" */;
			buildPhases = (
				544D39EF25C2651F00FEF19B /* Sources */,
				544D39F025C2651F00FEF19B /* Frameworks */,
				544D39F125C2651F00FEF19B /* Resources */,
			);
			buildRules = (
			);
			dependencies = (
			);
			name = Formulir;
			productName = Formulir;
			productReference = 544D39F325C2651F00FEF19B /* Formulir.app */;
			productType = "com.apple.product-type.application";
		};
		544D3A0825C2652100FEF19B /* FormulirTests */ = {
			isa = PBXNativeTarget;
			buildConfigurationList = 544D3A2025C2652100FEF19B /* Build configuration list for PBXNativeTarget "FormulirTests" */;
			buildPhases = (
				544D3A0525C2652100FEF19B /* Sources */,
				544D3A0625C2652100FEF19B /* Frameworks */,
				544D3A0725C2652100FEF19B /* Resources */,
			);
			buildRules = (
			);
			dependencies = (
				544D3A0B25C2652100FEF19B /* PBXTargetDependency */,
			);
			name = FormulirTests;
			productName = FormulirTests;
			productReference = 544D3A0925C2652100FEF19B /* FormulirTests.xctest */;
			productType = "com.apple.product-type.bundle.unit-test";
		};
		544D3A1325C2652100FEF19B /* FormulirUITests */ = {
			isa = PBXNativeTarget;
			buildConfigurationList = 544D3A2325C2652100FEF19B /* Build configuration list for PBXNativeTarget "FormulirUITests" */;
			buildPhases = (
				544D3A1025C2652100FEF19B /* Sources */,
				544D3A1125C2652100FEF19B /* Frameworks */,
				544D3A1225C2652100FEF19B /* Resources */,
			);
			buildRules = (
			);
			dependencies = (
				544D3A1625C2652100FEF19B /* PBXTargetDependency */,
			);
			name = FormulirUITests;
			productName = FormulirUITests;
			productReference = 544D3A1425C2652100FEF19B /* FormulirUITests.xctest */;
			productType = "com.apple.product-type.bundle.ui-testing";
		};
/* End PBXNativeTarget section */

/* Begin PBXProject section */
		544D39EB25C2651F00FEF19B /* Project object */ = {
			isa = PBXProject;
			attributes = {
				LastSwiftUpdateCheck = 1210;
				LastUpgradeCheck = 1210;
				TargetAttributes = {
					544D39F225C2651F00FEF19B = {
						CreatedOnToolsVersion = 12.1;
					};
					544D3A0825C2652100FEF19B = {
						CreatedOnToolsVersion = 12.1;
						TestTargetID = 544D39F225C2651F00FEF19B;
					};
					544D3A1325C2652100FEF19B = {
						CreatedOnToolsVersion = 12.1;
						TestTargetID = 544D39F225C2651F00FEF19B;
					};
				};
			};
			buildConfigurationList = 544D39EE25C2651F00FEF19B /* Build configuration list for PBXProject "Formulir" */;
			compatibilityVersion = "Xcode 9.3";
			developmentRegion = en;
			hasScannedForEncodings = 0;
			knownRegions = (
				en,
				Base,
			);
			mainGroup = 544D39EA25C2651F00FEF19B;
			productRefGroup = 544D39F425C2651F00FEF19B /* Products */;
			projectDirPath = "";
			projectRoot = "";
			targets = (
				544D39F225C2651F00FEF19B /* Formulir */,
				544D3A0825C2652100FEF19B /* FormulirTests */,
				544D3A1325C2652100FEF19B /* FormulirUITests */,
			);
		};
/* End PBXProject section */

/* Begin PBXResourcesBuildPhase section */
		544D39F125C2651F00FEF19B /* Resources */ = {
			isa = PBXResourcesBuildPhase;
			buildActionMask = 2147483647;
			files = (
				544D3A0325C2652100FEF19B /* LaunchScreen.storyboard in Resources */,
				544D3A0025C2652100FEF19B /* Preview Assets.xcassets in Resources */,
				544D39FD25C2652100FEF19B /* Assets.xcassets in Resources */,
			);
			runOnlyForDeploymentPostprocessing = 0;
		};
		544D3A0725C2652100FEF19B /* Resources */ = {
			isa = PBXResourcesBuildPhase;
			buildActionMask = 2147483647;
			files = (
			);
			runOnlyForDeploymentPostprocessing = 0;
		};
		544D3A1225C2652100FEF19B /* Resources */ = {
			isa = PBXResourcesBuildPhase;
			buildActionMask = 2147483647;
			files = (
			);
			runOnlyForDeploymentPostprocessing = 0;
		};
/* End PBXResourcesBuildPhase section */

/* Begin PBXSourcesBuildPhase section */
		544D39EF25C2651F00FEF19B /* Sources */ = {
			isa = PBXSourcesBuildPhase;
			buildActionMask = 2147483647;
			files = (
				544D39F725C2651F00FEF19B /* AppDelegate.swift in Sources */,
				544D39F925C2651F00FEF19B /* SceneDelegate.swift in Sources */,
				544D39FB25C2651F00FEF19B /* ContentView.swift in Sources */,
			);
			runOnlyForDeploymentPostprocessing = 0;
		};
		544D3A0525C2652100FEF19B /* Sources */ = {
			isa = PBXSourcesBuildPhase;
			buildActionMask = 2147483647;
			files = (
				544D3A0E25C2652100FEF19B /* FormulirTests.swift in Sources */,
			);
			runOnlyForDeploymentPostprocessing = 0;
		};
		544D3A1025C2652100FEF19B /* Sources */ = {
			isa = PBXSourcesBuildPhase;
			buildActionMask = 2147483647;
			files = (
				544D3A1925C2652100FEF19B /* FormulirUITests.swift in Sources */,
			);
			runOnlyForDeploymentPostprocessing = 0;
		};
/* End PBXSourcesBuildPhase section */

/* Begin PBXTargetDependency section */
		544D3A0B25C2652100FEF19B /* PBXTargetDependency */ = {
			isa = PBXTargetDependency;
			target = 544D39F225C2651F00FEF19B /* Formulir */;
			targetProxy = 544D3A0A25C2652100FEF19B /* PBXContainerItemProxy */;
		};
		544D3A1625C2652100FEF19B /* PBXTargetDependency */ = {
			isa = PBXTargetDependency;
			target = 544D39F225C2651F00FEF19B /* Formulir */;
			targetProxy = 544D3A1525C2652100FEF19B /* PBXContainerItemProxy */;
		};
/* End PBXTargetDependency section */

/* Begin PBXVariantGroup section */
		544D3A0125C2652100FEF19B /* LaunchScreen.storyboard */ = {
			isa = PBXVariantGroup;
			children = (
				544D3A0225C2652100FEF19B /* Base */,
			);
			name = LaunchScreen.storyboard;
			sourceTree = "<group>";
		};
/* End PBXVariantGroup section */

/* Begin XCBuildConfiguration section */
		544D3A1B25C2652100FEF19B /* Debug */ = {
			isa = XCBuildConfiguration;
			buildSettings = {
				ALWAYS_SEARCH_USER_PATHS = NO;
				CLANG_ANALYZER_NONNULL = YES;
				CLANG_ANALYZER_NUMBER_OBJECT_CONVERSION = YES_AGGRESSIVE;
				CLANG_CXX_LANGUAGE_STANDARD = "gnu++14";
				CLANG_CXX_LIBRARY = "libc++";
				CLANG_ENABLE_MODULES = YES;
				CLANG_ENABLE_OBJC_ARC = YES;
				CLANG_ENABLE_OBJC_WEAK = YES;
				CLANG_WARN_BLOCK_CAPTURE_AUTORELEASING = YES;
				CLANG_WARN_BOOL_CONVERSION = YES;
				CLANG_WARN_COMMA = YES;
				CLANG_WARN_CONSTANT_CONVERSION = YES;
				CLANG_WARN_DEPRECATED_OBJC_IMPLEMENTATIONS = YES;
				CLANG_WARN_DIRECT_OBJC_ISA_USAGE = YES_ERROR;
				CLANG_WARN_DOCUMENTATION_COMMENTS = YES;
				CLANG_WARN_EMPTY_BODY = YES;
				CLANG_WARN_ENUM_CONVERSION = YES;
				CLANG_WARN_INFINITE_RECURSION = YES;
				CLANG_WARN_INT_CONVERSION = YES;
				CLANG_WARN_NON_LITERAL_NULL_CONVERSION = YES;
				CLANG_WARN_OBJC_IMPLICIT_RETAIN_SELF = YES;
				CLANG_WARN_OBJC_LITERAL_CONVERSION = YES;
				CLANG_WARN_OBJC_ROOT_CLASS = YES_ERROR;
				CLANG_WARN_QUOTED_INCLUDE_IN_FRAMEWORK_HEADER = YES;
				CLANG_WARN_RANGE_LOOP_ANALYSIS = YES;
				CLANG_WARN_STRICT_PROTOTYPES = YES;
				CLANG_WARN_SUSPICIOUS_MOVE = YES;
				CLANG_WARN_UNGUARDED_AVAILABILITY = YES_AGGRESSIVE;
				CLANG_WARN_UNREACHABLE_CODE = YES;
				CLANG_WARN__DUPLICATE_METHOD_MATCH = YES;
				COPY_PHASE_STRIP = NO;
				DEBUG_INFORMATION_FORMAT = dwarf;
				ENABLE_STRICT_OBJC_MSGSEND = YES;
				ENABLE_TESTABILITY = YES;
				GCC_C_LANGUAGE_STANDARD = gnu11;
				GCC_DYNAMIC_NO_PIC = NO;
				GCC_NO_COMMON_BLOCKS = YES;
				GCC_OPTIMIZATION_LEVEL = 0;
				GCC_PREPROCESSOR_DEFINITIONS = (
					"DEBUG=1",
					"$(inherited)",
				);
				GCC_WARN_64_TO_32_BIT_CONVERSION = YES;
				GCC_WARN_ABOUT_RETURN_TYPE = YES_ERROR;
				GCC_WARN_UNDECLARED_SELECTOR = YES;
				GCC_WARN_UNINITIALIZED_AUTOS = YES_AGGRESSIVE;
				GCC_WARN_UNUSED_FUNCTION = YES;
				GCC_WARN_UNUSED_VARIABLE = YES;
				IPHONEOS_DEPLOYMENT_TARGET = 14.1;
				MTL_ENABLE_DEBUG_INFO = INCLUDE_SOURCE;
				MTL_FAST_MATH = YES;
				ONLY_ACTIVE_ARCH = YES;
				SDKROOT = iphoneos;
				SWIFT_ACTIVE_COMPILATION_CONDITIONS = DEBUG;
				SWIFT_OPTIMIZATION_LEVEL = "-Onone";
			};
			name = Debug;
		};
		544D3A1C25C2652100FEF19B /* Release */ = {
			isa = XCBuildConfiguration;
			buildSettings = {
				ALWAYS_SEARCH_USER_PATHS = NO;
				CLANG_ANALYZER_NONNULL = YES;
				CLANG_ANALYZER_NUMBER_OBJECT_CONVERSION = YES_AGGRESSIVE;
				CLANG_CXX_LANGUAGE_STANDARD = "gnu++14";
				CLANG_CXX_LIBRARY = "libc++";
				CLANG_ENABLE_MODULES = YES;
				CLANG_ENABLE_OBJC_ARC = YES;
				CLANG_ENABLE_OBJC_WEAK = YES;
				CLANG_WARN_BLOCK_CAPTURE_AUTORELEASING = YES;
				CLANG_WARN_BOOL_CONVERSION = YES;
				CLANG_WARN_COMMA = YES;
				CLANG_WARN_CONSTANT_CONVERSION = YES;
				CLANG_WARN_DEPRECATED_OBJC_IMPLEMENTATIONS = YES;
				CLANG_WARN_DIRECT_OBJC_ISA_USAGE = YES_ERROR;
				CLANG_WARN_DOCUMENTATION_COMMENTS = YES;
				CLANG_WARN_EMPTY_BODY = YES;
				CLANG_WARN_ENUM_CONVERSION = YES;
				CLANG_WARN_INFINITE_RECURSION = YES;
				CLANG_WARN_INT_CONVERSION = YES;
				CLANG_WARN_NON_LITERAL_NULL_CONVERSION = YES;
				CLANG_WARN_OBJC_IMPLICIT_RETAIN_SELF = YES;
				CLANG_WARN_OBJC_LITERAL_CONVERSION = YES;
				CLANG_WARN_OBJC_ROOT_CLASS = YES_ERROR;
				CLANG_WARN_QUOTED_INCLUDE_IN_FRAMEWORK_HEADER = YES;
				CLANG_WARN_RANGE_LOOP_ANALYSIS = YES;
				CLANG_WARN_STRICT_PROTOTYPES = YES;
				CLANG_WARN_SUSPICIOUS_MOVE = YES;
				CLANG_WARN_UNGUARDED_AVAILABILITY = YES_AGGRESSIVE;
				CLANG_WARN_UNREACHABLE_CODE = YES;
				CLANG_WARN__DUPLICATE_METHOD_MATCH = YES;
				COPY_PHASE_STRIP = NO;
				DEBUG_INFORMATION_FORMAT = "dwarf-with-dsym";
				ENABLE_NS_ASSERTIONS = NO;
				ENABLE_STRICT_OBJC_MSGSEND = YES;
				GCC_C_LANGUAGE_STANDARD = gnu11;
				GCC_NO_COMMON_BLOCKS = YES;
				GCC_WARN_64_TO_32_BIT_CONVERSION = YES;
				GCC_WARN_ABOUT_RETURN_TYPE = YES_ERROR;
				GCC_WARN_UNDECLARED_SELECTOR = YES;
				GCC_WARN_UNINITIALIZED_AUTOS = YES_AGGRESSIVE;
				GCC_WARN_UNUSED_FUNCTION = YES;
				GCC_WARN_UNUSED_VARIABLE = YES;
				IPHONEOS_DEPLOYMENT_TARGET = 14.1;
				MTL_ENABLE_DEBUG_INFO = NO;
				MTL_FAST_MATH = YES;
				SDKROOT = iphoneos;
				SWIFT_COMPILATION_MODE = wholemodule;
				SWIFT_OPTIMIZATION_LEVEL = "-O";
				VALIDATE_PRODUCT = YES;
			};
			name = Release;
		};
		544D3A1E25C2652100FEF19B /* Debug */ = {
			isa = XCBuildConfiguration;
			buildSettings = {
				ASSETCATALOG_COMPILER_APPICON_NAME = AppIcon;
				ASSETCATALOG_COMPILER_GLOBAL_ACCENT_COLOR_NAME = AccentColor;
				CODE_SIGN_STYLE = Automatic;
				DEVELOPMENT_ASSET_PATHS = "\"Formulir/Preview Content\"";
				DEVELOPMENT_TEAM = MD4799W7K8;
				ENABLE_PREVIEWS = YES;
				INFOPLIST_FILE = Formulir/Info.plist;
				LD_RUNPATH_SEARCH_PATHS = (
					"$(inherited)",
					"@executable_path/Frameworks",
				);
				PRODUCT_BUNDLE_IDENTIFIER = "RPL-A.Formulir";
				PRODUCT_NAME = "$(TARGET_NAME)";
				SWIFT_VERSION = 5.0;
				TARGETED_DEVICE_FAMILY = "1,2";
			};
			name = Debug;
		};
		544D3A1F25C2652100FEF19B /* Release */ = {
			isa = XCBuildConfiguration;
			buildSettings = {
				ASSETCATALOG_COMPILER_APPICON_NAME = AppIcon;
				ASSETCATALOG_COMPILER_GLOBAL_ACCENT_COLOR_NAME = AccentColor;
				CODE_SIGN_STYLE = Automatic;
				DEVELOPMENT_ASSET_PATHS = "\"Formulir/Preview Content\"";
				DEVELOPMENT_TEAM = MD4799W7K8;
				ENABLE_PREVIEWS = YES;
				INFOPLIST_FILE = Formulir/Info.plist;
				LD_RUNPATH_SEARCH_PATHS = (
					"$(inherited)",
					"@executable_path/Frameworks",
				);
				PRODUCT_BUNDLE_IDENTIFIER = "RPL-A.Formulir";
				PRODUCT_NAME = "$(TARGET_NAME)";
				SWIFT_VERSION = 5.0;
				TARGETED_DEVICE_FAMILY = "1,2";
			};
			name = Release;
		};
		544D3A2125C2652100FEF19B /* Debug */ = {
			isa = XCBuildConfiguration;
			buildSettings = {
				ALWAYS_EMBED_SWIFT_STANDARD_LIBRARIES = YES;
				BUNDLE_LOADER = "$(TEST_HOST)";
				CODE_SIGN_STYLE = Automatic;
				DEVELOPMENT_TEAM = MD4799W7K8;
				INFOPLIST_FILE = FormulirTests/Info.plist;
				IPHONEOS_DEPLOYMENT_TARGET = 14.1;
				LD_RUNPATH_SEARCH_PATHS = (
					"$(inherited)",
					"@executable_path/Frameworks",
					"@loader_path/Frameworks",
				);
				PRODUCT_BUNDLE_IDENTIFIER = "RPL-A.FormulirTests";
				PRODUCT_NAME = "$(TARGET_NAME)";
				SWIFT_VERSION = 5.0;
				TARGETED_DEVICE_FAMILY = "1,2";
				TEST_HOST = "$(BUILT_PRODUCTS_DIR)/Formulir.app/Formulir";
			};
			name = Debug;
		};
		544D3A2225C2652100FEF19B /* Release */ = {
			isa = XCBuildConfiguration;
			buildSettings = {
				ALWAYS_EMBED_SWIFT_STANDARD_LIBRARIES = YES;
				BUNDLE_LOADER = "$(TEST_HOST)";
				CODE_SIGN_STYLE = Automatic;
				DEVELOPMENT_TEAM = MD4799W7K8;
				INFOPLIST_FILE = FormulirTests/Info.plist;
				IPHONEOS_DEPLOYMENT_TARGET = 14.1;
				LD_RUNPATH_SEARCH_PATHS = (
					"$(inherited)",
					"@executable_path/Frameworks",
					"@loader_path/Frameworks",
				);
				PRODUCT_BUNDLE_IDENTIFIER = "RPL-A.FormulirTests";
				PRODUCT_NAME = "$(TARGET_NAME)";
				SWIFT_VERSION = 5.0;
				TARGETED_DEVICE_FAMILY = "1,2";
				TEST_HOST = "$(BUILT_PRODUCTS_DIR)/Formulir.app/Formulir";
			};
			name = Release;
		};
		544D3A2425C2652100FEF19B /* Debug */ = {
			isa = XCBuildConfiguration;
			buildSettings = {
				ALWAYS_EMBED_SWIFT_STANDARD_LIBRARIES = YES;
				CODE_SIGN_STYLE = Automatic;
				DEVELOPMENT_TEAM = MD4799W7K8;
				INFOPLIST_FILE = FormulirUITests/Info.plist;
				LD_RUNPATH_SEARCH_PATHS = (
					"$(inherited)",
					"@executable_path/Frameworks",
					"@loader_path/Frameworks",
				);
				PRODUCT_BUNDLE_IDENTIFIER = "RPL-A.FormulirUITests";
				PRODUCT_NAME = "$(TARGET_NAME)";
				SWIFT_VERSION = 5.0;
				TARGETED_DEVICE_FAMILY = "1,2";
				TEST_TARGET_NAME = Formulir;
			};
			name = Debug;
		};
		544D3A2525C2652100FEF19B /* Release */ = {
			isa = XCBuildConfiguration;
			buildSettings = {
				ALWAYS_EMBED_SWIFT_STANDARD_LIBRARIES = YES;
				CODE_SIGN_STYLE = Automatic;
				DEVELOPMENT_TEAM = MD4799W7K8;
				INFOPLIST_FILE = FormulirUITests/Info.plist;
				LD_RUNPATH_SEARCH_PATHS = (
					"$(inherited)",
					"@executable_path/Frameworks",
					"@loader_path/Frameworks",
				);
				PRODUCT_BUNDLE_IDENTIFIER = "RPL-A.FormulirUITests";
				PRODUCT_NAME = "$(TARGET_NAME)";
				SWIFT_VERSION = 5.0;
				TARGETED_DEVICE_FAMILY = "1,2";
				TEST_TARGET_NAME = Formulir;
			};
			name = Release;
		};
/* End XCBuildConfiguration section */

/* Begin XCConfigurationList section */
		544D39EE25C2651F00FEF19B /* Build configuration list for PBXProject "Formulir" */ = {
			isa = XCConfigurationList;
			buildConfigurations = (
				544D3A1B25C2652100FEF19B /* Debug */,
				544D3A1C25C2652100FEF19B /* Release */,
			);
			defaultConfigurationIsVisible = 0;
			defaultConfigurationName = Release;
		};
		544D3A1D25C2652100FEF19B /* Build configuration list for PBXNativeTarget "Formulir" */ = {
			isa = XCConfigurationList;
			buildConfigurations = (
				544D3A1E25C2652100FEF19B /* Debug */,
				544D3A1F25C2652100FEF19B /* Release */,
			);
			defaultConfigurationIsVisible = 0;
			defaultConfigurationName = Release;
		};
		544D3A2025C2652100FEF19B /* Build configuration list for PBXNativeTarget "FormulirTests" */ = {
			isa = XCConfigurationList;
			buildConfigurations = (
				544D3A2125C2652100FEF19B /* Debug */,
				544D3A2225C2652100FEF19B /* Release */,
			);
			defaultConfigurationIsVisible = 0;
			defaultConfigurationName = Release;
		};
		544D3A2325C2652100FEF19B /* Build configuration list for PBXNativeTarget "FormulirUITests" */ = {
			isa = XCConfigurationList;
			buildConfigurations = (
				544D3A2425C2652100FEF19B /* Debug */,
				544D3A2525C2652100FEF19B /* Release */,
			);
			defaultConfigurationIsVisible = 0;
			defaultConfigurationName = Release;
		};
/* End XCConfigurationList section */
	};
	rootObject = 544D39EB25C2651F00FEF19B /* Project object */;
}
